
Microsoft Visual Studio Solution File, Format Version 12.00
# Visual Studio Express 14 for Windows Desktop
VisualStudioVersion = 14.0.24720.0
MinimumVisualStudioVersion = 10.0.40219.1
Project("{FAE04EC0-301F-11D3-BF4B-00C04F79EFBC}") = "PrimeFactors", "PrimeFactors\PrimeFactors.csproj", "{0A1DD17F-7F56-465D-83C6-B566029BCB46}"
EndProject
Project("{FAE04EC0-301F-11D3-BF4B-00C04F79EFBC}") = "PrimeFactorsTestProject", "PrimeFactorsTestProject\PrimeFactorsTestProject.csproj", "{AD846F69-8BEA-4DD8-A398-C570234E83D2}"
EndProject
Global
	GlobalSection(SolutionConfigurationPlatforms) = preSolution
		Debug|Any CPU = Debug|Any CPU
		Release|Any CPU = Release|Any CPU
	EndGlobalSection
	GlobalSection(ProjectConfigurationPlatforms) = postSolution
		{0A1DD17F-7F56-465D-83C6-B566029BCB46}.Debug|Any CPU.ActiveCfg = Debug|Any CPU
		{0A1DD17F-7F56-465D-83C6-B566029BCB46}.Debug|Any CPU.Build.0 = Debug|Any CPU
		{0A1DD17F-7F56-465D-83C6-B566029BCB46}.Release|Any CPU.ActiveCfg = Release|Any CPU
		{0A1DD17F-7F56-465D-83C6-B566029BCB46}.Release|Any CPU.Build.0 = Release|Any CPU
		{AD846F69-8BEA-4DD8-A398-C570234E83D2}.Debug|Any CPU.ActiveCfg = Debug|Any CPU
		{AD846F69-8BEA-4DD8-A398-C570234E83D2}.Debug|Any CPU.Build.0 = Debug|Any CPU
		{AD846F69-8BEA-4DD8-A398-C570234E83D2}.Release|Any CPU.ActiveCfg = Release|Any CPU
		{AD846F69-8BEA-4DD8-A398-C570234E83D2}.Release|Any CPU.Build.0 = Release|Any CPU
	EndGlobalSection
	GlobalSection(SolutionProperties) = preSolution
		HideSolutionNode = FALSE
	EndGlobalSection
EndGlobal
